
Microsoft Visual Studio Solution File, Format Version 12.00
# Visual Studio 15
VisualStudioVersion = 15.0.27703.2026
MinimumVisualStudioVersion = 10.0.40219.1
Project("{9A19103F-16F7-4668-BE54-9A1E7A4F7556}") = "GraniteHouse", "GraniteHouse\GraniteHouse.csproj", "{78CCAE29-FFBC-4FC8-BCB5-BA67D6B8F413}"
EndProject
Global
	GlobalSection(SolutionConfigurationPlatforms) = preSolution
		Debug|Any CPU = Debug|Any CPU
		Release|Any CPU = Release|Any CPU
	EndGlobalSection
	GlobalSection(ProjectConfigurationPlatforms) = postSolution
		{78CCAE29-FFBC-4FC8-BCB5-BA67D6B8F413}.Debug|Any CPU.ActiveCfg = Debug|Any CPU
		{78CCAE29-FFBC-4FC8-BCB5-BA67D6B8F413}.Debug|Any CPU.Build.0 = Debug|Any CPU
		{78CCAE29-FFBC-4FC8-BCB5-BA67D6B8F413}.Release|Any CPU.ActiveCfg = Release|Any CPU
		{78CCAE29-FFBC-4FC8-BCB5-BA67D6B8F413}.Release|Any CPU.Build.0 = Release|Any CPU
	EndGlobalSection
	GlobalSection(SolutionProperties) = preSolution
		HideSolutionNode = FALSE
	EndGlobalSection
	GlobalSection(ExtensibilityGlobals) = postSolution
		SolutionGuid = {BB6E1063-9C76-4D4B-A1FE-114BBDBA580A}
	EndGlobalSection
EndGlobal
